
Microsoft Visual Studio Solution File, Format Version 12.00
# Visual Studio 15
VisualStudioVersion = 15.0.26403.7
MinimumVisualStudioVersion = 10.0.40219.1
Project("{2150E333-8FDC-42A3-9474-1A3956D46DE8}") = "UnitTests", "UnitTests", "{B7B89763-F56E-4F84-867D-2F505B2A49B0}"
EndProject
Project("{2150E333-8FDC-42A3-9474-1A3956D46DE8}") = "Azure", "Azure", "{5A10AE75-3093-4B21-A75A-8014ACE8BB77}"
EndProject
Project("{2150E333-8FDC-42A3-9474-1A3956D46DE8}") = "Core", "Core", "{BA044A0F-FD7E-407D-BA09-8CE7A6A2B653}"
EndProject
Project("{FAE04EC0-301F-11D3-BF4B-00C04F79EFBC}") = "SeemplestLight.Core.Portable", "Core\SeemplestLight.Core.Portable\SeemplestLight.Core.Portable.csproj", "{4D58092D-D672-4117-B37E-D0CADBBCF5CB}"
EndProject
Project("{FAE04EC0-301F-11D3-BF4B-00C04F79EFBC}") = "SeemplestLight.Core", "Core\SeemplestLight.Core\SeemplestLight.Core.csproj", "{3BB355AA-4534-488B-8ED6-E0EEF243C094}"
EndProject
Project("{FAE04EC0-301F-11D3-BF4B-00C04F79EFBC}") = "SeemplestLight.Net46.Core", "Core\SeemplestLight.Net46.Core\SeemplestLight.Net46.Core.csproj", "{3F39A394-E7D5-44EE-9AE5-622CFFFC21B0}"
EndProject
Project("{FAE04EC0-301F-11D3-BF4B-00C04F79EFBC}") = "SeemplestLight.PortableCore", "Core\SeemplestLight.PortableDefinitions\SeemplestLight.PortableCore.csproj", "{8DF3B8FC-EFD4-45FB-999E-5F15F10D71F7}"
EndProject
Project("{FAE04EC0-301F-11D3-BF4B-00C04F79EFBC}") = "SeemplestLight.Core.Test", "UnitTests\SeemplestLight.Core.Test\SeemplestLight.Core.Test.csproj", "{C5147CEB-B86A-41A1-832D-42CD8812DF6D}"
EndProject
Project("{FAE04EC0-301F-11D3-BF4B-00C04F79EFBC}") = "SeemplestLight.Core.Azure.Test", "UnitTests\SeemplestLight.Core.Azure.Test\SeemplestLight.Core.Azure.Test.csproj", "{593E734E-53AC-40B7-9D7A-72BF0CDBC134}"
EndProject
Project("{FAE04EC0-301F-11D3-BF4B-00C04F79EFBC}") = "SeemplestLight.Core.Azure", "Azure\SeemplestLight.Core.Azure\SeemplestLight.Core.Azure.csproj", "{D8CEDF93-9156-4D01-A5C5-90D35C521741}"
EndProject
Global
	GlobalSection(SolutionConfigurationPlatforms) = preSolution
		Debug|Any CPU = Debug|Any CPU
		Release|Any CPU = Release|Any CPU
	EndGlobalSection
	GlobalSection(ProjectConfigurationPlatforms) = postSolution
		{4D58092D-D672-4117-B37E-D0CADBBCF5CB}.Debug|Any CPU.ActiveCfg = Debug|Any CPU
		{4D58092D-D672-4117-B37E-D0CADBBCF5CB}.Debug|Any CPU.Build.0 = Debug|Any CPU
		{4D58092D-D672-4117-B37E-D0CADBBCF5CB}.Release|Any CPU.ActiveCfg = Release|Any CPU
		{4D58092D-D672-4117-B37E-D0CADBBCF5CB}.Release|Any CPU.Build.0 = Release|Any CPU
		{3BB355AA-4534-488B-8ED6-E0EEF243C094}.Debug|Any CPU.ActiveCfg = Debug|Any CPU
		{3BB355AA-4534-488B-8ED6-E0EEF243C094}.Debug|Any CPU.Build.0 = Debug|Any CPU
		{3BB355AA-4534-488B-8ED6-E0EEF243C094}.Release|Any CPU.ActiveCfg = Release|Any CPU
		{3BB355AA-4534-488B-8ED6-E0EEF243C094}.Release|Any CPU.Build.0 = Release|Any CPU
		{3F39A394-E7D5-44EE-9AE5-622CFFFC21B0}.Debug|Any CPU.ActiveCfg = Debug|Any CPU
		{3F39A394-E7D5-44EE-9AE5-622CFFFC21B0}.Debug|Any CPU.Build.0 = Debug|Any CPU
		{3F39A394-E7D5-44EE-9AE5-622CFFFC21B0}.Release|Any CPU.ActiveCfg = Release|Any CPU
		{3F39A394-E7D5-44EE-9AE5-622CFFFC21B0}.Release|Any CPU.Build.0 = Release|Any CPU
		{8DF3B8FC-EFD4-45FB-999E-5F15F10D71F7}.Debug|Any CPU.ActiveCfg = Debug|Any CPU
		{8DF3B8FC-EFD4-45FB-999E-5F15F10D71F7}.Debug|Any CPU.Build.0 = Debug|Any CPU
		{8DF3B8FC-EFD4-45FB-999E-5F15F10D71F7}.Release|Any CPU.ActiveCfg = Release|Any CPU
		{8DF3B8FC-EFD4-45FB-999E-5F15F10D71F7}.Release|Any CPU.Build.0 = Release|Any CPU
		{C5147CEB-B86A-41A1-832D-42CD8812DF6D}.Debug|Any CPU.ActiveCfg = Debug|Any CPU
		{C5147CEB-B86A-41A1-832D-42CD8812DF6D}.Debug|Any CPU.Build.0 = Debug|Any CPU
		{C5147CEB-B86A-41A1-832D-42CD8812DF6D}.Release|Any CPU.ActiveCfg = Release|Any CPU
		{C5147CEB-B86A-41A1-832D-42CD8812DF6D}.Release|Any CPU.Build.0 = Release|Any CPU
		{593E734E-53AC-40B7-9D7A-72BF0CDBC134}.Debug|Any CPU.ActiveCfg = Debug|Any CPU
		{593E734E-53AC-40B7-9D7A-72BF0CDBC134}.Debug|Any CPU.Build.0 = Debug|Any CPU
		{593E734E-53AC-40B7-9D7A-72BF0CDBC134}.Release|Any CPU.ActiveCfg = Release|Any CPU
		{593E734E-53AC-40B7-9D7A-72BF0CDBC134}.Release|Any CPU.Build.0 = Release|Any CPU
		{D8CEDF93-9156-4D01-A5C5-90D35C521741}.Debug|Any CPU.ActiveCfg = Debug|Any CPU
		{D8CEDF93-9156-4D01-A5C5-90D35C521741}.Debug|Any CPU.Build.0 = Debug|Any CPU
		{D8CEDF93-9156-4D01-A5C5-90D35C521741}.Release|Any CPU.ActiveCfg = Release|Any CPU
		{D8CEDF93-9156-4D01-A5C5-90D35C521741}.Release|Any CPU.Build.0 = Release|Any CPU
	EndGlobalSection
	GlobalSection(SolutionProperties) = preSolution
		HideSolutionNode = FALSE
	EndGlobalSection
	GlobalSection(NestedProjects) = preSolution
		{4D58092D-D672-4117-B37E-D0CADBBCF5CB} = {BA044A0F-FD7E-407D-BA09-8CE7A6A2B653}
		{3BB355AA-4534-488B-8ED6-E0EEF243C094} = {BA044A0F-FD7E-407D-BA09-8CE7A6A2B653}
		{3F39A394-E7D5-44EE-9AE5-622CFFFC21B0} = {BA044A0F-FD7E-407D-BA09-8CE7A6A2B653}
		{8DF3B8FC-EFD4-45FB-999E-5F15F10D71F7} = {BA044A0F-FD7E-407D-BA09-8CE7A6A2B653}
		{C5147CEB-B86A-41A1-832D-42CD8812DF6D} = {B7B89763-F56E-4F84-867D-2F505B2A49B0}
		{593E734E-53AC-40B7-9D7A-72BF0CDBC134} = {B7B89763-F56E-4F84-867D-2F505B2A49B0}
		{D8CEDF93-9156-4D01-A5C5-90D35C521741} = {5A10AE75-3093-4B21-A75A-8014ACE8BB77}
	EndGlobalSection
EndGlobal
