
Microsoft Visual Studio Solution File, Format Version 12.00
# Visual Studio 14
VisualStudioVersion = 14.0.25123.0
MinimumVisualStudioVersion = 10.0.40219.1
Project("{2150E333-8FDC-42A3-9474-1A3956D46DE8}") = "UnitTests", "UnitTests", "{B7B89763-F56E-4F84-867D-2F505B2A49B0}"
EndProject
Project("{2150E333-8FDC-42A3-9474-1A3956D46DE8}") = "Core", "Core", "{E1819470-A990-4224-9256-3FB95CB3DA40}"
EndProject
Project("{2150E333-8FDC-42A3-9474-1A3956D46DE8}") = "Azure", "Azure", "{5A10AE75-3093-4B21-A75A-8014ACE8BB77}"
EndProject
Project("{2150E333-8FDC-42A3-9474-1A3956D46DE8}") = "Uwp", "Uwp", "{7D46F0E8-97C6-49E4-B6F8-50E97BD50417}"
EndProject
Project("{FAE04EC0-301F-11D3-BF4B-00C04F79EFBC}") = "SeemplestLight.Uwp.Core", "Uwp\SeemplestLight.Uwp.Core\SeemplestLight.Uwp.Core.csproj", "{E30015A3-6864-4998-97A2-03393320DB84}"
EndProject
Project("{FAE04EC0-301F-11D3-BF4B-00C04F79EFBC}") = "SeemplestLight.Net.Core", "Core\SeemplestLight.Net.Core\SeemplestLight.Net.Core.csproj", "{D8666D8B-5632-476F-A81A-05222E4067BA}"
EndProject
Project("{FAE04EC0-301F-11D3-BF4B-00C04F79EFBC}") = "SeemplestLight.Net46.Core", "Core\SeemplestLight.Net46.Core\SeemplestLight.Net46.Core.csproj", "{3F39A394-E7D5-44EE-9AE5-622CFFFC21B0}"
EndProject
Project("{FAE04EC0-301F-11D3-BF4B-00C04F79EFBC}") = "SeemplestLight.PortableCore", "Core\SeemplestLight.PortableDefinitions\SeemplestLight.PortableCore.csproj", "{8DF3B8FC-EFD4-45FB-999E-5F15F10D71F7}"
EndProject
Project("{FAE04EC0-301F-11D3-BF4B-00C04F79EFBC}") = "SeemplestLight.PortableCore.Test", "UnitTests\SimplestLight.PortableCore.Test\SeemplestLight.PortableCore.Test.csproj", "{BDB676A7-4D32-44A0-9C25-6A8C66E01039}"
EndProject
Project("{FAE04EC0-301F-11D3-BF4B-00C04F79EFBC}") = "SeemplestLight.Net46.Core.Test", "UnitTests\SeemplestLight.Net46.Core.Test\SeemplestLight.Net46.Core.Test.csproj", "{DE7959DD-9676-4E16-BFB9-6236FD676EF4}"
EndProject
Global
	GlobalSection(SolutionConfigurationPlatforms) = preSolution
		Debug|Any CPU = Debug|Any CPU
		Debug|ARM = Debug|ARM
		Debug|x64 = Debug|x64
		Debug|x86 = Debug|x86
		Release|Any CPU = Release|Any CPU
		Release|ARM = Release|ARM
		Release|x64 = Release|x64
		Release|x86 = Release|x86
	EndGlobalSection
	GlobalSection(ProjectConfigurationPlatforms) = postSolution
		{E30015A3-6864-4998-97A2-03393320DB84}.Debug|Any CPU.ActiveCfg = Debug|Any CPU
		{E30015A3-6864-4998-97A2-03393320DB84}.Debug|Any CPU.Build.0 = Debug|Any CPU
		{E30015A3-6864-4998-97A2-03393320DB84}.Debug|ARM.ActiveCfg = Debug|ARM
		{E30015A3-6864-4998-97A2-03393320DB84}.Debug|ARM.Build.0 = Debug|ARM
		{E30015A3-6864-4998-97A2-03393320DB84}.Debug|x64.ActiveCfg = Debug|x64
		{E30015A3-6864-4998-97A2-03393320DB84}.Debug|x64.Build.0 = Debug|x64
		{E30015A3-6864-4998-97A2-03393320DB84}.Debug|x86.ActiveCfg = Debug|x86
		{E30015A3-6864-4998-97A2-03393320DB84}.Debug|x86.Build.0 = Debug|x86
		{E30015A3-6864-4998-97A2-03393320DB84}.Release|Any CPU.ActiveCfg = Release|Any CPU
		{E30015A3-6864-4998-97A2-03393320DB84}.Release|Any CPU.Build.0 = Release|Any CPU
		{E30015A3-6864-4998-97A2-03393320DB84}.Release|ARM.ActiveCfg = Release|ARM
		{E30015A3-6864-4998-97A2-03393320DB84}.Release|ARM.Build.0 = Release|ARM
		{E30015A3-6864-4998-97A2-03393320DB84}.Release|x64.ActiveCfg = Release|x64
		{E30015A3-6864-4998-97A2-03393320DB84}.Release|x64.Build.0 = Release|x64
		{E30015A3-6864-4998-97A2-03393320DB84}.Release|x86.ActiveCfg = Release|x86
		{E30015A3-6864-4998-97A2-03393320DB84}.Release|x86.Build.0 = Release|x86
		{D8666D8B-5632-476F-A81A-05222E4067BA}.Debug|Any CPU.ActiveCfg = Debug|Any CPU
		{D8666D8B-5632-476F-A81A-05222E4067BA}.Debug|Any CPU.Build.0 = Debug|Any CPU
		{D8666D8B-5632-476F-A81A-05222E4067BA}.Debug|ARM.ActiveCfg = Debug|Any CPU
		{D8666D8B-5632-476F-A81A-05222E4067BA}.Debug|ARM.Build.0 = Debug|Any CPU
		{D8666D8B-5632-476F-A81A-05222E4067BA}.Debug|x64.ActiveCfg = Debug|Any CPU
		{D8666D8B-5632-476F-A81A-05222E4067BA}.Debug|x64.Build.0 = Debug|Any CPU
		{D8666D8B-5632-476F-A81A-05222E4067BA}.Debug|x86.ActiveCfg = Debug|Any CPU
		{D8666D8B-5632-476F-A81A-05222E4067BA}.Debug|x86.Build.0 = Debug|Any CPU
		{D8666D8B-5632-476F-A81A-05222E4067BA}.Release|Any CPU.ActiveCfg = Release|Any CPU
		{D8666D8B-5632-476F-A81A-05222E4067BA}.Release|Any CPU.Build.0 = Release|Any CPU
		{D8666D8B-5632-476F-A81A-05222E4067BA}.Release|ARM.ActiveCfg = Release|Any CPU
		{D8666D8B-5632-476F-A81A-05222E4067BA}.Release|ARM.Build.0 = Release|Any CPU
		{D8666D8B-5632-476F-A81A-05222E4067BA}.Release|x64.ActiveCfg = Release|Any CPU
		{D8666D8B-5632-476F-A81A-05222E4067BA}.Release|x64.Build.0 = Release|Any CPU
		{D8666D8B-5632-476F-A81A-05222E4067BA}.Release|x86.ActiveCfg = Release|Any CPU
		{D8666D8B-5632-476F-A81A-05222E4067BA}.Release|x86.Build.0 = Release|Any CPU
		{3F39A394-E7D5-44EE-9AE5-622CFFFC21B0}.Debug|Any CPU.ActiveCfg = Debug|Any CPU
		{3F39A394-E7D5-44EE-9AE5-622CFFFC21B0}.Debug|Any CPU.Build.0 = Debug|Any CPU
		{3F39A394-E7D5-44EE-9AE5-622CFFFC21B0}.Debug|ARM.ActiveCfg = Debug|Any CPU
		{3F39A394-E7D5-44EE-9AE5-622CFFFC21B0}.Debug|ARM.Build.0 = Debug|Any CPU
		{3F39A394-E7D5-44EE-9AE5-622CFFFC21B0}.Debug|x64.ActiveCfg = Debug|Any CPU
		{3F39A394-E7D5-44EE-9AE5-622CFFFC21B0}.Debug|x64.Build.0 = Debug|Any CPU
		{3F39A394-E7D5-44EE-9AE5-622CFFFC21B0}.Debug|x86.ActiveCfg = Debug|Any CPU
		{3F39A394-E7D5-44EE-9AE5-622CFFFC21B0}.Debug|x86.Build.0 = Debug|Any CPU
		{3F39A394-E7D5-44EE-9AE5-622CFFFC21B0}.Release|Any CPU.ActiveCfg = Release|Any CPU
		{3F39A394-E7D5-44EE-9AE5-622CFFFC21B0}.Release|Any CPU.Build.0 = Release|Any CPU
		{3F39A394-E7D5-44EE-9AE5-622CFFFC21B0}.Release|ARM.ActiveCfg = Release|Any CPU
		{3F39A394-E7D5-44EE-9AE5-622CFFFC21B0}.Release|ARM.Build.0 = Release|Any CPU
		{3F39A394-E7D5-44EE-9AE5-622CFFFC21B0}.Release|x64.ActiveCfg = Release|Any CPU
		{3F39A394-E7D5-44EE-9AE5-622CFFFC21B0}.Release|x64.Build.0 = Release|Any CPU
		{3F39A394-E7D5-44EE-9AE5-622CFFFC21B0}.Release|x86.ActiveCfg = Release|Any CPU
		{3F39A394-E7D5-44EE-9AE5-622CFFFC21B0}.Release|x86.Build.0 = Release|Any CPU
		{8DF3B8FC-EFD4-45FB-999E-5F15F10D71F7}.Debug|Any CPU.ActiveCfg = Debug|Any CPU
		{8DF3B8FC-EFD4-45FB-999E-5F15F10D71F7}.Debug|Any CPU.Build.0 = Debug|Any CPU
		{8DF3B8FC-EFD4-45FB-999E-5F15F10D71F7}.Debug|ARM.ActiveCfg = Debug|Any CPU
		{8DF3B8FC-EFD4-45FB-999E-5F15F10D71F7}.Debug|ARM.Build.0 = Debug|Any CPU
		{8DF3B8FC-EFD4-45FB-999E-5F15F10D71F7}.Debug|x64.ActiveCfg = Debug|Any CPU
		{8DF3B8FC-EFD4-45FB-999E-5F15F10D71F7}.Debug|x64.Build.0 = Debug|Any CPU
		{8DF3B8FC-EFD4-45FB-999E-5F15F10D71F7}.Debug|x86.ActiveCfg = Debug|Any CPU
		{8DF3B8FC-EFD4-45FB-999E-5F15F10D71F7}.Debug|x86.Build.0 = Debug|Any CPU
		{8DF3B8FC-EFD4-45FB-999E-5F15F10D71F7}.Release|Any CPU.ActiveCfg = Release|Any CPU
		{8DF3B8FC-EFD4-45FB-999E-5F15F10D71F7}.Release|Any CPU.Build.0 = Release|Any CPU
		{8DF3B8FC-EFD4-45FB-999E-5F15F10D71F7}.Release|ARM.ActiveCfg = Release|Any CPU
		{8DF3B8FC-EFD4-45FB-999E-5F15F10D71F7}.Release|ARM.Build.0 = Release|Any CPU
		{8DF3B8FC-EFD4-45FB-999E-5F15F10D71F7}.Release|x64.ActiveCfg = Release|Any CPU
		{8DF3B8FC-EFD4-45FB-999E-5F15F10D71F7}.Release|x64.Build.0 = Release|Any CPU
		{8DF3B8FC-EFD4-45FB-999E-5F15F10D71F7}.Release|x86.ActiveCfg = Release|Any CPU
		{8DF3B8FC-EFD4-45FB-999E-5F15F10D71F7}.Release|x86.Build.0 = Release|Any CPU
		{BDB676A7-4D32-44A0-9C25-6A8C66E01039}.Debug|Any CPU.ActiveCfg = Debug|Any CPU
		{BDB676A7-4D32-44A0-9C25-6A8C66E01039}.Debug|Any CPU.Build.0 = Debug|Any CPU
		{BDB676A7-4D32-44A0-9C25-6A8C66E01039}.Debug|ARM.ActiveCfg = Debug|Any CPU
		{BDB676A7-4D32-44A0-9C25-6A8C66E01039}.Debug|ARM.Build.0 = Debug|Any CPU
		{BDB676A7-4D32-44A0-9C25-6A8C66E01039}.Debug|x64.ActiveCfg = Debug|Any CPU
		{BDB676A7-4D32-44A0-9C25-6A8C66E01039}.Debug|x64.Build.0 = Debug|Any CPU
		{BDB676A7-4D32-44A0-9C25-6A8C66E01039}.Debug|x86.ActiveCfg = Debug|Any CPU
		{BDB676A7-4D32-44A0-9C25-6A8C66E01039}.Debug|x86.Build.0 = Debug|Any CPU
		{BDB676A7-4D32-44A0-9C25-6A8C66E01039}.Release|Any CPU.ActiveCfg = Release|Any CPU
		{BDB676A7-4D32-44A0-9C25-6A8C66E01039}.Release|Any CPU.Build.0 = Release|Any CPU
		{BDB676A7-4D32-44A0-9C25-6A8C66E01039}.Release|ARM.ActiveCfg = Release|Any CPU
		{BDB676A7-4D32-44A0-9C25-6A8C66E01039}.Release|ARM.Build.0 = Release|Any CPU
		{BDB676A7-4D32-44A0-9C25-6A8C66E01039}.Release|x64.ActiveCfg = Release|Any CPU
		{BDB676A7-4D32-44A0-9C25-6A8C66E01039}.Release|x64.Build.0 = Release|Any CPU
		{BDB676A7-4D32-44A0-9C25-6A8C66E01039}.Release|x86.ActiveCfg = Release|Any CPU
		{BDB676A7-4D32-44A0-9C25-6A8C66E01039}.Release|x86.Build.0 = Release|Any CPU
		{DE7959DD-9676-4E16-BFB9-6236FD676EF4}.Debug|Any CPU.ActiveCfg = Debug|Any CPU
		{DE7959DD-9676-4E16-BFB9-6236FD676EF4}.Debug|Any CPU.Build.0 = Debug|Any CPU
		{DE7959DD-9676-4E16-BFB9-6236FD676EF4}.Debug|ARM.ActiveCfg = Debug|Any CPU
		{DE7959DD-9676-4E16-BFB9-6236FD676EF4}.Debug|ARM.Build.0 = Debug|Any CPU
		{DE7959DD-9676-4E16-BFB9-6236FD676EF4}.Debug|x64.ActiveCfg = Debug|Any CPU
		{DE7959DD-9676-4E16-BFB9-6236FD676EF4}.Debug|x64.Build.0 = Debug|Any CPU
		{DE7959DD-9676-4E16-BFB9-6236FD676EF4}.Debug|x86.ActiveCfg = Debug|Any CPU
		{DE7959DD-9676-4E16-BFB9-6236FD676EF4}.Debug|x86.Build.0 = Debug|Any CPU
		{DE7959DD-9676-4E16-BFB9-6236FD676EF4}.Release|Any CPU.ActiveCfg = Release|Any CPU
		{DE7959DD-9676-4E16-BFB9-6236FD676EF4}.Release|Any CPU.Build.0 = Release|Any CPU
		{DE7959DD-9676-4E16-BFB9-6236FD676EF4}.Release|ARM.ActiveCfg = Release|Any CPU
		{DE7959DD-9676-4E16-BFB9-6236FD676EF4}.Release|ARM.Build.0 = Release|Any CPU
		{DE7959DD-9676-4E16-BFB9-6236FD676EF4}.Release|x64.ActiveCfg = Release|Any CPU
		{DE7959DD-9676-4E16-BFB9-6236FD676EF4}.Release|x64.Build.0 = Release|Any CPU
		{DE7959DD-9676-4E16-BFB9-6236FD676EF4}.Release|x86.ActiveCfg = Release|Any CPU
		{DE7959DD-9676-4E16-BFB9-6236FD676EF4}.Release|x86.Build.0 = Release|Any CPU
	EndGlobalSection
	GlobalSection(SolutionProperties) = preSolution
		HideSolutionNode = FALSE
	EndGlobalSection
	GlobalSection(NestedProjects) = preSolution
		{E30015A3-6864-4998-97A2-03393320DB84} = {7D46F0E8-97C6-49E4-B6F8-50E97BD50417}
		{D8666D8B-5632-476F-A81A-05222E4067BA} = {E1819470-A990-4224-9256-3FB95CB3DA40}
		{3F39A394-E7D5-44EE-9AE5-622CFFFC21B0} = {E1819470-A990-4224-9256-3FB95CB3DA40}
		{8DF3B8FC-EFD4-45FB-999E-5F15F10D71F7} = {E1819470-A990-4224-9256-3FB95CB3DA40}
		{BDB676A7-4D32-44A0-9C25-6A8C66E01039} = {B7B89763-F56E-4F84-867D-2F505B2A49B0}
		{DE7959DD-9676-4E16-BFB9-6236FD676EF4} = {B7B89763-F56E-4F84-867D-2F505B2A49B0}
	EndGlobalSection
EndGlobal
