
Microsoft Visual Studio Solution File, Format Version 12.00
# Visual Studio 15
VisualStudioVersion = 15.0.26403.3
MinimumVisualStudioVersion = 10.0.40219.1
Project("{2150E333-8FDC-42A3-9474-1A3956D46DE8}") = "UnitTests", "UnitTests", "{B7B89763-F56E-4F84-867D-2F505B2A49B0}"
EndProject
Project("{2150E333-8FDC-42A3-9474-1A3956D46DE8}") = "Core", "Core", "{E1819470-A990-4224-9256-3FB95CB3DA40}"
EndProject
Project("{2150E333-8FDC-42A3-9474-1A3956D46DE8}") = "Azure", "Azure", "{5A10AE75-3093-4B21-A75A-8014ACE8BB77}"
EndProject
Project("{FAE04EC0-301F-11D3-BF4B-00C04F79EFBC}") = "SeemplestLight.Net46.Core", "Core\SeemplestLight.Net46.Core\SeemplestLight.Net46.Core.csproj", "{3F39A394-E7D5-44EE-9AE5-622CFFFC21B0}"
EndProject
Project("{FAE04EC0-301F-11D3-BF4B-00C04F79EFBC}") = "SeemplestLight.PortableCore", "Core\SeemplestLight.PortableDefinitions\SeemplestLight.PortableCore.csproj", "{8DF3B8FC-EFD4-45FB-999E-5F15F10D71F7}"
EndProject
Project("{FAE04EC0-301F-11D3-BF4B-00C04F79EFBC}") = "SeemplestLight.PortableCore.Test", "UnitTests\SimplestLight.PortableCore.Test\SeemplestLight.PortableCore.Test.csproj", "{BDB676A7-4D32-44A0-9C25-6A8C66E01039}"
EndProject
Project("{FAE04EC0-301F-11D3-BF4B-00C04F79EFBC}") = "SeemplestLight.Core", "SeemplestLight.Core\SeemplestLight.Core.csproj", "{3BB355AA-4534-488B-8ED6-E0EEF243C094}"
EndProject
Project("{FAE04EC0-301F-11D3-BF4B-00C04F79EFBC}") = "SeemplestLight.Core.Test", "SeemplestLight.Core.Test\SeemplestLight.Core.Test.csproj", "{C5147CEB-B86A-41A1-832D-42CD8812DF6D}"
EndProject
Global
	GlobalSection(SolutionConfigurationPlatforms) = preSolution
		Debug|Any CPU = Debug|Any CPU
		Debug|ARM = Debug|ARM
		Debug|x64 = Debug|x64
		Debug|x86 = Debug|x86
		Release|Any CPU = Release|Any CPU
		Release|ARM = Release|ARM
		Release|x64 = Release|x64
		Release|x86 = Release|x86
	EndGlobalSection
	GlobalSection(ProjectConfigurationPlatforms) = postSolution
		{3F39A394-E7D5-44EE-9AE5-622CFFFC21B0}.Debug|Any CPU.ActiveCfg = Debug|Any CPU
		{3F39A394-E7D5-44EE-9AE5-622CFFFC21B0}.Debug|Any CPU.Build.0 = Debug|Any CPU
		{3F39A394-E7D5-44EE-9AE5-622CFFFC21B0}.Debug|ARM.ActiveCfg = Debug|Any CPU
		{3F39A394-E7D5-44EE-9AE5-622CFFFC21B0}.Debug|ARM.Build.0 = Debug|Any CPU
		{3F39A394-E7D5-44EE-9AE5-622CFFFC21B0}.Debug|x64.ActiveCfg = Debug|Any CPU
		{3F39A394-E7D5-44EE-9AE5-622CFFFC21B0}.Debug|x64.Build.0 = Debug|Any CPU
		{3F39A394-E7D5-44EE-9AE5-622CFFFC21B0}.Debug|x86.ActiveCfg = Debug|Any CPU
		{3F39A394-E7D5-44EE-9AE5-622CFFFC21B0}.Debug|x86.Build.0 = Debug|Any CPU
		{3F39A394-E7D5-44EE-9AE5-622CFFFC21B0}.Release|Any CPU.ActiveCfg = Release|Any CPU
		{3F39A394-E7D5-44EE-9AE5-622CFFFC21B0}.Release|Any CPU.Build.0 = Release|Any CPU
		{3F39A394-E7D5-44EE-9AE5-622CFFFC21B0}.Release|ARM.ActiveCfg = Release|Any CPU
		{3F39A394-E7D5-44EE-9AE5-622CFFFC21B0}.Release|ARM.Build.0 = Release|Any CPU
		{3F39A394-E7D5-44EE-9AE5-622CFFFC21B0}.Release|x64.ActiveCfg = Release|Any CPU
		{3F39A394-E7D5-44EE-9AE5-622CFFFC21B0}.Release|x64.Build.0 = Release|Any CPU
		{3F39A394-E7D5-44EE-9AE5-622CFFFC21B0}.Release|x86.ActiveCfg = Release|Any CPU
		{3F39A394-E7D5-44EE-9AE5-622CFFFC21B0}.Release|x86.Build.0 = Release|Any CPU
		{8DF3B8FC-EFD4-45FB-999E-5F15F10D71F7}.Debug|Any CPU.ActiveCfg = Debug|Any CPU
		{8DF3B8FC-EFD4-45FB-999E-5F15F10D71F7}.Debug|Any CPU.Build.0 = Debug|Any CPU
		{8DF3B8FC-EFD4-45FB-999E-5F15F10D71F7}.Debug|ARM.ActiveCfg = Debug|Any CPU
		{8DF3B8FC-EFD4-45FB-999E-5F15F10D71F7}.Debug|ARM.Build.0 = Debug|Any CPU
		{8DF3B8FC-EFD4-45FB-999E-5F15F10D71F7}.Debug|x64.ActiveCfg = Debug|Any CPU
		{8DF3B8FC-EFD4-45FB-999E-5F15F10D71F7}.Debug|x64.Build.0 = Debug|Any CPU
		{8DF3B8FC-EFD4-45FB-999E-5F15F10D71F7}.Debug|x86.ActiveCfg = Debug|Any CPU
		{8DF3B8FC-EFD4-45FB-999E-5F15F10D71F7}.Debug|x86.Build.0 = Debug|Any CPU
		{8DF3B8FC-EFD4-45FB-999E-5F15F10D71F7}.Release|Any CPU.ActiveCfg = Release|Any CPU
		{8DF3B8FC-EFD4-45FB-999E-5F15F10D71F7}.Release|Any CPU.Build.0 = Release|Any CPU
		{8DF3B8FC-EFD4-45FB-999E-5F15F10D71F7}.Release|ARM.ActiveCfg = Release|Any CPU
		{8DF3B8FC-EFD4-45FB-999E-5F15F10D71F7}.Release|ARM.Build.0 = Release|Any CPU
		{8DF3B8FC-EFD4-45FB-999E-5F15F10D71F7}.Release|x64.ActiveCfg = Release|Any CPU
		{8DF3B8FC-EFD4-45FB-999E-5F15F10D71F7}.Release|x64.Build.0 = Release|Any CPU
		{8DF3B8FC-EFD4-45FB-999E-5F15F10D71F7}.Release|x86.ActiveCfg = Release|Any CPU
		{8DF3B8FC-EFD4-45FB-999E-5F15F10D71F7}.Release|x86.Build.0 = Release|Any CPU
		{BDB676A7-4D32-44A0-9C25-6A8C66E01039}.Debug|Any CPU.ActiveCfg = Debug|Any CPU
		{BDB676A7-4D32-44A0-9C25-6A8C66E01039}.Debug|Any CPU.Build.0 = Debug|Any CPU
		{BDB676A7-4D32-44A0-9C25-6A8C66E01039}.Debug|ARM.ActiveCfg = Debug|Any CPU
		{BDB676A7-4D32-44A0-9C25-6A8C66E01039}.Debug|ARM.Build.0 = Debug|Any CPU
		{BDB676A7-4D32-44A0-9C25-6A8C66E01039}.Debug|x64.ActiveCfg = Debug|Any CPU
		{BDB676A7-4D32-44A0-9C25-6A8C66E01039}.Debug|x64.Build.0 = Debug|Any CPU
		{BDB676A7-4D32-44A0-9C25-6A8C66E01039}.Debug|x86.ActiveCfg = Debug|Any CPU
		{BDB676A7-4D32-44A0-9C25-6A8C66E01039}.Debug|x86.Build.0 = Debug|Any CPU
		{BDB676A7-4D32-44A0-9C25-6A8C66E01039}.Release|Any CPU.ActiveCfg = Release|Any CPU
		{BDB676A7-4D32-44A0-9C25-6A8C66E01039}.Release|Any CPU.Build.0 = Release|Any CPU
		{BDB676A7-4D32-44A0-9C25-6A8C66E01039}.Release|ARM.ActiveCfg = Release|Any CPU
		{BDB676A7-4D32-44A0-9C25-6A8C66E01039}.Release|ARM.Build.0 = Release|Any CPU
		{BDB676A7-4D32-44A0-9C25-6A8C66E01039}.Release|x64.ActiveCfg = Release|Any CPU
		{BDB676A7-4D32-44A0-9C25-6A8C66E01039}.Release|x64.Build.0 = Release|Any CPU
		{BDB676A7-4D32-44A0-9C25-6A8C66E01039}.Release|x86.ActiveCfg = Release|Any CPU
		{BDB676A7-4D32-44A0-9C25-6A8C66E01039}.Release|x86.Build.0 = Release|Any CPU
		{3BB355AA-4534-488B-8ED6-E0EEF243C094}.Debug|Any CPU.ActiveCfg = Debug|Any CPU
		{3BB355AA-4534-488B-8ED6-E0EEF243C094}.Debug|Any CPU.Build.0 = Debug|Any CPU
		{3BB355AA-4534-488B-8ED6-E0EEF243C094}.Debug|ARM.ActiveCfg = Debug|Any CPU
		{3BB355AA-4534-488B-8ED6-E0EEF243C094}.Debug|ARM.Build.0 = Debug|Any CPU
		{3BB355AA-4534-488B-8ED6-E0EEF243C094}.Debug|x64.ActiveCfg = Debug|Any CPU
		{3BB355AA-4534-488B-8ED6-E0EEF243C094}.Debug|x64.Build.0 = Debug|Any CPU
		{3BB355AA-4534-488B-8ED6-E0EEF243C094}.Debug|x86.ActiveCfg = Debug|Any CPU
		{3BB355AA-4534-488B-8ED6-E0EEF243C094}.Debug|x86.Build.0 = Debug|Any CPU
		{3BB355AA-4534-488B-8ED6-E0EEF243C094}.Release|Any CPU.ActiveCfg = Release|Any CPU
		{3BB355AA-4534-488B-8ED6-E0EEF243C094}.Release|Any CPU.Build.0 = Release|Any CPU
		{3BB355AA-4534-488B-8ED6-E0EEF243C094}.Release|ARM.ActiveCfg = Release|Any CPU
		{3BB355AA-4534-488B-8ED6-E0EEF243C094}.Release|ARM.Build.0 = Release|Any CPU
		{3BB355AA-4534-488B-8ED6-E0EEF243C094}.Release|x64.ActiveCfg = Release|Any CPU
		{3BB355AA-4534-488B-8ED6-E0EEF243C094}.Release|x64.Build.0 = Release|Any CPU
		{3BB355AA-4534-488B-8ED6-E0EEF243C094}.Release|x86.ActiveCfg = Release|Any CPU
		{3BB355AA-4534-488B-8ED6-E0EEF243C094}.Release|x86.Build.0 = Release|Any CPU
		{C5147CEB-B86A-41A1-832D-42CD8812DF6D}.Debug|Any CPU.ActiveCfg = Debug|Any CPU
		{C5147CEB-B86A-41A1-832D-42CD8812DF6D}.Debug|Any CPU.Build.0 = Debug|Any CPU
		{C5147CEB-B86A-41A1-832D-42CD8812DF6D}.Debug|ARM.ActiveCfg = Debug|Any CPU
		{C5147CEB-B86A-41A1-832D-42CD8812DF6D}.Debug|ARM.Build.0 = Debug|Any CPU
		{C5147CEB-B86A-41A1-832D-42CD8812DF6D}.Debug|x64.ActiveCfg = Debug|Any CPU
		{C5147CEB-B86A-41A1-832D-42CD8812DF6D}.Debug|x64.Build.0 = Debug|Any CPU
		{C5147CEB-B86A-41A1-832D-42CD8812DF6D}.Debug|x86.ActiveCfg = Debug|Any CPU
		{C5147CEB-B86A-41A1-832D-42CD8812DF6D}.Debug|x86.Build.0 = Debug|Any CPU
		{C5147CEB-B86A-41A1-832D-42CD8812DF6D}.Release|Any CPU.ActiveCfg = Release|Any CPU
		{C5147CEB-B86A-41A1-832D-42CD8812DF6D}.Release|Any CPU.Build.0 = Release|Any CPU
		{C5147CEB-B86A-41A1-832D-42CD8812DF6D}.Release|ARM.ActiveCfg = Release|Any CPU
		{C5147CEB-B86A-41A1-832D-42CD8812DF6D}.Release|ARM.Build.0 = Release|Any CPU
		{C5147CEB-B86A-41A1-832D-42CD8812DF6D}.Release|x64.ActiveCfg = Release|Any CPU
		{C5147CEB-B86A-41A1-832D-42CD8812DF6D}.Release|x64.Build.0 = Release|Any CPU
		{C5147CEB-B86A-41A1-832D-42CD8812DF6D}.Release|x86.ActiveCfg = Release|Any CPU
		{C5147CEB-B86A-41A1-832D-42CD8812DF6D}.Release|x86.Build.0 = Release|Any CPU
	EndGlobalSection
	GlobalSection(SolutionProperties) = preSolution
		HideSolutionNode = FALSE
	EndGlobalSection
	GlobalSection(NestedProjects) = preSolution
		{3F39A394-E7D5-44EE-9AE5-622CFFFC21B0} = {E1819470-A990-4224-9256-3FB95CB3DA40}
		{8DF3B8FC-EFD4-45FB-999E-5F15F10D71F7} = {E1819470-A990-4224-9256-3FB95CB3DA40}
		{BDB676A7-4D32-44A0-9C25-6A8C66E01039} = {B7B89763-F56E-4F84-867D-2F505B2A49B0}
		{3BB355AA-4534-488B-8ED6-E0EEF243C094} = {E1819470-A990-4224-9256-3FB95CB3DA40}
		{C5147CEB-B86A-41A1-832D-42CD8812DF6D} = {B7B89763-F56E-4F84-867D-2F505B2A49B0}
	EndGlobalSection
EndGlobal
